
Microsoft Visual Studio Solution File, Format Version 12.00
# Visual Studio Version 17
VisualStudioVersion = 17.14.36623.8
MinimumVisualStudioVersion = 10.0.40219.1
Project("{FAE04EC0-301F-11D3-BF4B-00C04F79EFBC}") = "Task 1", "Task 1.csproj", "{F7BD3BDF-2339-45C0-A5A4-A95282BA6E39}"
EndProject
Project("{FAE04EC0-301F-11D3-BF4B-00C04F79EFBC}") = "Task 2", "..\Task 2\Task 2.csproj", "{95C20A56-5FFD-4383-A42F-D3A6B16AC7B4}"
EndProject
Project("{FAE04EC0-301F-11D3-BF4B-00C04F79EFBC}") = "Task 3", "..\Task 3\Task 3.csproj", "{9213DBA3-EC72-4370-84E6-5E0665D77F98}"
EndProject
Project("{FAE04EC0-301F-11D3-BF4B-00C04F79EFBC}") = "Task 4", "..\Task 4\Task 4.csproj", "{090899A9-9C99-416E-8350-F0D35EAF3CBA}"
EndProject
Project("{FAE04EC0-301F-11D3-BF4B-00C04F79EFBC}") = "Task 5", "..\Task 5\Task 5.csproj", "{D44B65AC-02D8-4F36-801E-6AB8D0A73F09}"
EndProject
Project("{FAE04EC0-301F-11D3-BF4B-00C04F79EFBC}") = "Task 6", "..\Task 6\Task 6.csproj", "{AB2D4691-FF01-498B-9BA9-F29BD7974E66}"
EndProject
Global
	GlobalSection(SolutionConfigurationPlatforms) = preSolution
		Debug|Any CPU = Debug|Any CPU
		Release|Any CPU = Release|Any CPU
	EndGlobalSection
	GlobalSection(ProjectConfigurationPlatforms) = postSolution
		{F7BD3BDF-2339-45C0-A5A4-A95282BA6E39}.Debug|Any CPU.ActiveCfg = Debug|Any CPU
		{F7BD3BDF-2339-45C0-A5A4-A95282BA6E39}.Debug|Any CPU.Build.0 = Debug|Any CPU
		{F7BD3BDF-2339-45C0-A5A4-A95282BA6E39}.Release|Any CPU.ActiveCfg = Release|Any CPU
		{F7BD3BDF-2339-45C0-A5A4-A95282BA6E39}.Release|Any CPU.Build.0 = Release|Any CPU
		{95C20A56-5FFD-4383-A42F-D3A6B16AC7B4}.Debug|Any CPU.ActiveCfg = Debug|Any CPU
		{95C20A56-5FFD-4383-A42F-D3A6B16AC7B4}.Debug|Any CPU.Build.0 = Debug|Any CPU
		{95C20A56-5FFD-4383-A42F-D3A6B16AC7B4}.Release|Any CPU.ActiveCfg = Release|Any CPU
		{95C20A56-5FFD-4383-A42F-D3A6B16AC7B4}.Release|Any CPU.Build.0 = Release|Any CPU
		{9213DBA3-EC72-4370-84E6-5E0665D77F98}.Debug|Any CPU.ActiveCfg = Debug|Any CPU
		{9213DBA3-EC72-4370-84E6-5E0665D77F98}.Debug|Any CPU.Build.0 = Debug|Any CPU
		{9213DBA3-EC72-4370-84E6-5E0665D77F98}.Release|Any CPU.ActiveCfg = Release|Any CPU
		{9213DBA3-EC72-4370-84E6-5E0665D77F98}.Release|Any CPU.Build.0 = Release|Any CPU
		{090899A9-9C99-416E-8350-F0D35EAF3CBA}.Debug|Any CPU.ActiveCfg = Debug|Any CPU
		{090899A9-9C99-416E-8350-F0D35EAF3CBA}.Debug|Any CPU.Build.0 = Debug|Any CPU
		{090899A9-9C99-416E-8350-F0D35EAF3CBA}.Release|Any CPU.ActiveCfg = Release|Any CPU
		{090899A9-9C99-416E-8350-F0D35EAF3CBA}.Release|Any CPU.Build.0 = Release|Any CPU
		{D44B65AC-02D8-4F36-801E-6AB8D0A73F09}.Debug|Any CPU.ActiveCfg = Debug|Any CPU
		{D44B65AC-02D8-4F36-801E-6AB8D0A73F09}.Debug|Any CPU.Build.0 = Debug|Any CPU
		{D44B65AC-02D8-4F36-801E-6AB8D0A73F09}.Release|Any CPU.ActiveCfg = Release|Any CPU
		{D44B65AC-02D8-4F36-801E-6AB8D0A73F09}.Release|Any CPU.Build.0 = Release|Any CPU
		{AB2D4691-FF01-498B-9BA9-F29BD7974E66}.Debug|Any CPU.ActiveCfg = Debug|Any CPU
		{AB2D4691-FF01-498B-9BA9-F29BD7974E66}.Debug|Any CPU.Build.0 = Debug|Any CPU
		{AB2D4691-FF01-498B-9BA9-F29BD7974E66}.Release|Any CPU.ActiveCfg = Release|Any CPU
		{AB2D4691-FF01-498B-9BA9-F29BD7974E66}.Release|Any CPU.Build.0 = Release|Any CPU
	EndGlobalSection
	GlobalSection(SolutionProperties) = preSolution
		HideSolutionNode = FALSE
	EndGlobalSection
	GlobalSection(ExtensibilityGlobals) = postSolution
		SolutionGuid = {26F5F254-5139-4A0C-AED6-6CCFF8B65E2B}
	EndGlobalSection
EndGlobal
